
Microsoft Visual Studio Solution File, Format Version 12.00
# Visual Studio Version 17
VisualStudioVersion = 17.7.34202.233
MinimumVisualStudioVersion = 10.0.40219.1
Project("{9A19103F-16F7-4668-BE54-9A1E7A4F7556}") = "Proiect5", "Proiect5.csproj", "{546632D1-3DF7-4678-8532-D97589BD2F16}"
EndProject
Global
	GlobalSection(SolutionConfigurationPlatforms) = preSolution
		Debug|Any CPU = Debug|Any CPU
		Release|Any CPU = Release|Any CPU
	EndGlobalSection
	GlobalSection(ProjectConfigurationPlatforms) = postSolution
		{546632D1-3DF7-4678-8532-D97589BD2F16}.Debug|Any CPU.ActiveCfg = Debug|Any CPU
		{546632D1-3DF7-4678-8532-D97589BD2F16}.Debug|Any CPU.Build.0 = Debug|Any CPU
		{546632D1-3DF7-4678-8532-D97589BD2F16}.Release|Any CPU.ActiveCfg = Release|Any CPU
		{546632D1-3DF7-4678-8532-D97589BD2F16}.Release|Any CPU.Build.0 = Release|Any CPU
	EndGlobalSection
	GlobalSection(SolutionProperties) = preSolution
		HideSolutionNode = FALSE
	EndGlobalSection
	GlobalSection(ExtensibilityGlobals) = postSolution
		SolutionGuid = {683E2CA9-FF27-41C6-9C85-6B78973DA9F6}
	EndGlobalSection
EndGlobal
